{
  "name": "monaco_editor",
  "lockfileVersion": 3,
  "requires": true,
  "packages": {
    "": {
      "dependencies": {
        "@codingame/monaco-vscode-chat-extensions-notebook-task-terminal-testing-common": "11.1.2",
        "@codingame/monaco-vscode-languages-service-override": "11.1.2",
        "monaco-editor": "npm:@codingame/monaco-vscode-editor-api@11.1.2",
        "vscode": "npm:@codingame/monaco-vscode-api@11.1.2"
      },
      "devDependencies": {
        "@types/vscode": "^1.96.0",
        "esbuild": "^0.21.5",
        "typescript": "^5.5.4"
      }
    },
    "node_modules/@codingame/monaco-vscode-base-service-override": {
      "version": "11.1.2",
      "resolved": "https://registry.npmjs.org/@codingame/monaco-vscode-base-service-override/-/monaco-vscode-base-service-override-11.1.2.tgz",
      "integrity": "sha512-3HENz4IktHaqkaG3bieb+LDuybnT90z9orMmwxvRMtZeExLiMh9/ImiToyQI6sF56s4Eac7Us4dMaaWQsHvenw==",
      "license": "MIT",
      "dependencies": {
        "vscode": "npm:@codingame/monaco-vscode-api@11.1.2"
      }
    },
    "node_modules/@codingame/monaco-vscode-chat-comments-extensions-interactive-notebook-search-common": {
      "version": "11.1.2",
      "resolved": "https://registry.npmjs.org/@codingame/monaco-vscode-chat-comments-extensions-interactive-notebook-search-common/-/monaco-vscode-chat-comments-extensions-interactive-notebook-search-common-11.1.2.tgz",
      "integrity": "sha512-WUveAa38ZFpZLZklm7DdjO6ywZFp+lRX7svWb/pB7tNgLyxdbMawL9yK3y/RKQ1Usx4OVEQSAhI5V8IWnTeoJg==",
      "license": "MIT",
      "dependencies": {
        "vscode": "npm:@codingame/monaco-vscode-api@11.1.2"
      }
    },
    "node_modules/@codingame/monaco-vscode-chat-extensions-interactive-notebook-search-terminal-common": {
      "version": "11.1.2",
      "resolved": "https://registry.npmjs.org/@codingame/monaco-vscode-chat-extensions-interactive-notebook-search-terminal-common/-/monaco-vscode-chat-extensions-interactive-notebook-search-terminal-common-11.1.2.tgz",
      "integrity": "sha512-yHM2IVGYamskWfsp9et1CQONqZ/MJYHHmJ5w+ne8bsV3gNW3DVw4YRX0P52QPVJpp/l9kdAFrvWkpNVM+IroXA==",
      "license": "MIT",
      "dependencies": {
        "marked": "~14.0.0",
        "vscode": "npm:@codingame/monaco-vscode-api@11.1.2"
      }
    },
    "node_modules/@codingame/monaco-vscode-chat-extensions-notebook-common": {
      "version": "11.1.2",
      "resolved": "https://registry.npmjs.org/@codingame/monaco-vscode-chat-extensions-notebook-common/-/monaco-vscode-chat-extensions-notebook-common-11.1.2.tgz",
      "integrity": "sha512-yHzxewsY+bZHhpQtFhGDHCbXy82uvD+3yF0oP79uPZWaPgRJTqlNLj7IB2/VlrszpmLPBolZik25k2GOL6sI1Q==",
      "license": "MIT",
      "dependencies": {
        "@codingame/monaco-vscode-chat-extensions-interactive-notebook-search-terminal-common": "11.1.2",
        "vscode": "npm:@codingame/monaco-vscode-api@11.1.2"
      }
    },
    "node_modules/@codingame/monaco-vscode-chat-extensions-notebook-task-terminal-testing-common": {
      "version": "11.1.2",
      "resolved": "https://registry.npmjs.org/@codingame/monaco-vscode-chat-extensions-notebook-task-terminal-testing-common/-/monaco-vscode-chat-extensions-notebook-task-terminal-testing-common-11.1.2.tgz",
      "integrity": "sha512-aDGr6tPwQiyGJMCI8kdMDkl+V21TBXt3jDJJq7RXH5pAjhDsf7JtR2CgJLOVHSvc9EZE/43KuUQpSsYOvkHRGg==",
      "license": "MIT",
      "dependencies": {
        "vscode": "npm:@codingame/monaco-vscode-api@11.1.2"
      }
    },
    "node_modules/@codingame/monaco-vscode-comments-extensions-common": {
      "version": "11.1.2",
      "resolved": "https://registry.npmjs.org/@codingame/monaco-vscode-comments-extensions-common/-/monaco-vscode-comments-extensions-common-11.1.2.tgz",
      "integrity": "sha512-bQvEYaCgzwyjFEP4zEHHxj3vQBMoG3dt0cJDVKb+b9UkU06LUPhTIwRaMF9GiA3j+KvGRIaVulOkLB/vpEoBxg==",
      "license": "MIT",
      "dependencies": {
        "@codingame/monaco-vscode-chat-comments-extensions-interactive-notebook-search-common": "11.1.2",
        "vscode": "npm:@codingame/monaco-vscode-api@11.1.2"
      }
    },
    "node_modules/@codingame/monaco-vscode-environment-service-override": {
      "version": "11.1.2",
      "resolved": "https://registry.npmjs.org/@codingame/monaco-vscode-environment-service-override/-/monaco-vscode-environment-service-override-11.1.2.tgz",
      "integrity": "sha512-2MohnDywpFLGVw4afgxSO2vrXyZptppnnkF3im9PF5wx+pC5NhjZb14tjcrZFl5pVQmZby6tQUzhZOPjdAVyJw==",
      "license": "MIT",
      "dependencies": {
        "vscode": "npm:@codingame/monaco-vscode-api@11.1.2"
      }
    },
    "node_modules/@codingame/monaco-vscode-extensions-service-override": {
      "version": "11.1.2",
      "resolved": "https://registry.npmjs.org/@codingame/monaco-vscode-extensions-service-override/-/monaco-vscode-extensions-service-override-11.1.2.tgz",
      "integrity": "sha512-RJWclpQwywEylLQ9Q+onk22qt83SZeHn3596SDtCUvZn4/uUfyJ8DbRm3gqNdQxSXEO7jhdC4ITnlaY3AbxHTA==",
      "license": "MIT",
      "dependencies": {
        "@codingame/monaco-vscode-chat-extensions-interactive-notebook-search-terminal-common": "11.1.2",
        "@codingame/monaco-vscode-chat-extensions-notebook-common": "11.1.2",
        "@codingame/monaco-vscode-comments-extensions-common": "11.1.2",
        "@codingame/monaco-vscode-files-service-override": "11.1.2",
        "vscode": "npm:@codingame/monaco-vscode-api@11.1.2"
      }
    },
    "node_modules/@codingame/monaco-vscode-files-service-override": {
      "version": "11.1.2",
      "resolved": "https://registry.npmjs.org/@codingame/monaco-vscode-files-service-override/-/monaco-vscode-files-service-override-11.1.2.tgz",
      "integrity": "sha512-0On3hBe5mOLPF+9E4KePj0JuLX+0ex/x+YLzH7qnLw89YyZtY8muz6yAXs+nIp5h/wFQi+uxb9m+vWCAB01I8Q==",
      "license": "MIT",
      "dependencies": {
        "vscode": "npm:@codingame/monaco-vscode-api@11.1.2"
      }
    },
    "node_modules/@codingame/monaco-vscode-host-service-override": {
      "version": "11.1.2",
      "resolved": "https://registry.npmjs.org/@codingame/monaco-vscode-host-service-override/-/monaco-vscode-host-service-override-11.1.2.tgz",
      "integrity": "sha512-DLoOM8HcrcoyB8np0CzIN3VJ9pOKuYVOBC1fHzgKBp5i/+akJK5e+5JHj6Au3kUEVSd1cJLjn6dNz58QrbLAhA==",
      "license": "MIT",
      "dependencies": {
        "vscode": "npm:@codingame/monaco-vscode-api@11.1.2"
      }
    },
    "node_modules/@codingame/monaco-vscode-languages-service-override": {
      "version": "11.1.2",
      "resolved": "https://registry.npmjs.org/@codingame/monaco-vscode-languages-service-override/-/monaco-vscode-languages-service-override-11.1.2.tgz",
      "integrity": "sha512-ETYg5/5tP0Pwuxg31kInUMWQmQIK67PH4craJ+gPS82Hh6/EDMNRV63z/REW4QDqw0QEpkLrow/fWXZpgeHCDQ==",
      "license": "MIT",
      "dependencies": {
        "@codingame/monaco-vscode-files-service-override": "11.1.2",
        "vscode": "npm:@codingame/monaco-vscode-api@11.1.2"
      }
    },
    "node_modules/@codingame/monaco-vscode-layout-service-override": {
      "version": "11.1.2",
      "resolved": "https://registry.npmjs.org/@codingame/monaco-vscode-layout-service-override/-/monaco-vscode-layout-service-override-11.1.2.tgz",
      "integrity": "sha512-WB/wYSV8/Y1C2qgprkkq0+gRi/KTmxpDQc0RZN9tlBHS1C4vLSnuDcXsNsqsXb8VuZ0KAWcES0qJfWGh5Cm1OA==",
      "license": "MIT",
      "dependencies": {
        "vscode": "npm:@codingame/monaco-vscode-api@11.1.2"
      }
    },
    "node_modules/@codingame/monaco-vscode-quickaccess-service-override": {
      "version": "11.1.2",
      "resolved": "https://registry.npmjs.org/@codingame/monaco-vscode-quickaccess-service-override/-/monaco-vscode-quickaccess-service-override-11.1.2.tgz",
      "integrity": "sha512-VT6F25bEtCvVE2kjBOfgiFOQ1V7YynlrhsHXFZEUzVTK0vFM13Za5otS/CTwgI/ml5FRDFjQKYJjKBAWmlPCaw==",
      "license": "MIT",
      "dependencies": {
        "vscode": "npm:@codingame/monaco-vscode-api@11.1.2"
      }
    },
    "node_modules/@esbuild/aix-ppc64": {
      "version": "0.21.5",
      "resolved": "https://registry.npmjs.org/@esbuild/aix-ppc64/-/aix-ppc64-0.21.5.tgz",
      "integrity": "sha512-1SDgH6ZSPTlggy1yI6+Dbkiz8xzpHJEVAlF/AM1tHPLsf5STom9rwtjE4hKAF20FfXXNTFqEYXyJNWh1GiZedQ==",
      "cpu": [
        "ppc64"
      ],
      "dev": true,
      "license": "MIT",
      "optional": true,
      "os": [
        "aix"
      ],
      "engines": {
        "node": ">=12"
      }
    },
    "node_modules/@esbuild/android-arm": {
      "version": "0.21.5",
      "resolved": "https://registry.npmjs.org/@esbuild/android-arm/-/android-arm-0.21.5.tgz",
      "integrity": "sha512-vCPvzSjpPHEi1siZdlvAlsPxXl7WbOVUBBAowWug4rJHb68Ox8KualB+1ocNvT5fjv6wpkX6o/iEpbDrf68zcg==",
      "cpu": [
        "arm"
      ],
      "dev": true,
      "license": "MIT",
      "optional": true,
      "os": [
        "android"
      ],
      "engines": {
        "node": ">=12"
      }
    },
    "node_modules/@esbuild/android-arm64": {
      "version": "0.21.5",
      "resolved": "https://registry.npmjs.org/@esbuild/android-arm64/-/android-arm64-0.21.5.tgz",
      "integrity": "sha512-c0uX9VAUBQ7dTDCjq+wdyGLowMdtR/GoC2U5IYk/7D1H1JYC0qseD7+11iMP2mRLN9RcCMRcjC4YMclCzGwS/A==",
      "cpu": [
        "arm64"
      ],
      "dev": true,
      "license": "MIT",
      "optional": true,
      "os": [
        "android"
      ],
      "engines": {
        "node": ">=12"
      }
    },
    "node_modules/@esbuild/android-x64": {
      "version": "0.21.5",
      "resolved": "https://registry.npmjs.org/@esbuild/android-x64/-/android-x64-0.21.5.tgz",
      "integrity": "sha512-D7aPRUUNHRBwHxzxRvp856rjUHRFW1SdQATKXH2hqA0kAZb1hKmi02OpYRacl0TxIGz/ZmXWlbZgjwWYaCakTA==",
      "cpu": [
        "x64"
      ],
      "dev": true,
      "license": "MIT",
      "optional": true,
      "os": [
        "android"
      ],
      "engines": {
        "node": ">=12"
      }
    },
    "node_modules/@esbuild/darwin-arm64": {
      "version": "0.21.5",
      "resolved": "https://registry.npmjs.org/@esbuild/darwin-arm64/-/darwin-arm64-0.21.5.tgz",
      "integrity": "sha512-DwqXqZyuk5AiWWf3UfLiRDJ5EDd49zg6O9wclZ7kUMv2WRFr4HKjXp/5t8JZ11QbQfUS6/cRCKGwYhtNAY88kQ==",
      "cpu": [
        "arm64"
      ],
      "dev": true,
      "license": "MIT",
      "optional": true,
      "os": [
        "darwin"
      ],
      "engines": {
        "node": ">=12"
      }
    },
    "node_modules/@esbuild/darwin-x64": {
      "version": "0.21.5",
      "resolved": "https://registry.npmjs.org/@esbuild/darwin-x64/-/darwin-x64-0.21.5.tgz",
      "integrity": "sha512-se/JjF8NlmKVG4kNIuyWMV/22ZaerB+qaSi5MdrXtd6R08kvs2qCN4C09miupktDitvh8jRFflwGFBQcxZRjbw==",
      "cpu": [
        "x64"
      ],
      "dev": true,
      "license": "MIT",
      "optional": true,
      "os": [
        "darwin"
      ],
      "engines": {
        "node": ">=12"
      }
    },
    "node_modules/@esbuild/freebsd-arm64": {
      "version": "0.21.5",
      "resolved": "https://registry.npmjs.org/@esbuild/freebsd-arm64/-/freebsd-arm64-0.21.5.tgz",
      "integrity": "sha512-5JcRxxRDUJLX8JXp/wcBCy3pENnCgBR9bN6JsY4OmhfUtIHe3ZW0mawA7+RDAcMLrMIZaf03NlQiX9DGyB8h4g==",
      "cpu": [
        "arm64"
      ],
      "dev": true,
      "license": "MIT",
      "optional": true,
      "os": [
        "freebsd"
      ],
      "engines": {
        "node": ">=12"
      }
    },
    "node_modules/@esbuild/freebsd-x64": {
      "version": "0.21.5",
      "resolved": "https://registry.npmjs.org/@esbuild/freebsd-x64/-/freebsd-x64-0.21.5.tgz",
      "integrity": "sha512-J95kNBj1zkbMXtHVH29bBriQygMXqoVQOQYA+ISs0/2l3T9/kj42ow2mpqerRBxDJnmkUDCaQT/dfNXWX/ZZCQ==",
      "cpu": [
        "x64"
      ],
      "dev": true,
      "license": "MIT",
      "optional": true,
      "os": [
        "freebsd"
      ],
      "engines": {
        "node": ">=12"
      }
    },
    "node_modules/@esbuild/linux-arm": {
      "version": "0.21.5",
      "resolved": "https://registry.npmjs.org/@esbuild/linux-arm/-/linux-arm-0.21.5.tgz",
      "integrity": "sha512-bPb5AHZtbeNGjCKVZ9UGqGwo8EUu4cLq68E95A53KlxAPRmUyYv2D6F0uUI65XisGOL1hBP5mTronbgo+0bFcA==",
      "cpu": [
        "arm"
      ],
      "dev": true,
      "license": "MIT",
      "optional": true,
      "os": [
        "linux"
      ],
      "engines": {
        "node": ">=12"
      }
    },
    "node_modules/@esbuild/linux-arm64": {
      "version": "0.21.5",
      "resolved": "https://registry.npmjs.org/@esbuild/linux-arm64/-/linux-arm64-0.21.5.tgz",
      "integrity": "sha512-ibKvmyYzKsBeX8d8I7MH/TMfWDXBF3db4qM6sy+7re0YXya+K1cem3on9XgdT2EQGMu4hQyZhan7TeQ8XkGp4Q==",
      "cpu": [
        "arm64"
      ],
      "dev": true,
      "license": "MIT",
      "optional": true,
      "os": [
        "linux"
      ],
      "engines": {
        "node": ">=12"
      }
    },
    "node_modules/@esbuild/linux-ia32": {
      "version": "0.21.5",
      "resolved": "https://registry.npmjs.org/@esbuild/linux-ia32/-/linux-ia32-0.21.5.tgz",
      "integrity": "sha512-YvjXDqLRqPDl2dvRODYmmhz4rPeVKYvppfGYKSNGdyZkA01046pLWyRKKI3ax8fbJoK5QbxblURkwK/MWY18Tg==",
      "cpu": [
        "ia32"
      ],
      "dev": true,
      "license": "MIT",
      "optional": true,
      "os": [
        "linux"
      ],
      "engines": {
        "node": ">=12"
      }
    },
    "node_modules/@esbuild/linux-loong64": {
      "version": "0.21.5",
      "resolved": "https://registry.npmjs.org/@esbuild/linux-loong64/-/linux-loong64-0.21.5.tgz",
      "integrity": "sha512-uHf1BmMG8qEvzdrzAqg2SIG/02+4/DHB6a9Kbya0XDvwDEKCoC8ZRWI5JJvNdUjtciBGFQ5PuBlpEOXQj+JQSg==",
      "cpu": [
        "loong64"
      ],
      "dev": true,
      "license": "MIT",
      "optional": true,
      "os": [
        "linux"
      ],
      "engines": {
        "node": ">=12"
      }
    },
    "node_modules/@esbuild/linux-mips64el": {
      "version": "0.21.5",
      "resolved": "https://registry.npmjs.org/@esbuild/linux-mips64el/-/linux-mips64el-0.21.5.tgz",
      "integrity": "sha512-IajOmO+KJK23bj52dFSNCMsz1QP1DqM6cwLUv3W1QwyxkyIWecfafnI555fvSGqEKwjMXVLokcV5ygHW5b3Jbg==",
      "cpu": [
        "mips64el"
      ],
      "dev": true,
      "license": "MIT",
      "optional": true,
      "os": [
        "linux"
      ],
      "engines": {
        "node": ">=12"
      }
    },
    "node_modules/@esbuild/linux-ppc64": {
      "version": "0.21.5",
      "resolved": "https://registry.npmjs.org/@esbuild/linux-ppc64/-/linux-ppc64-0.21.5.tgz",
      "integrity": "sha512-1hHV/Z4OEfMwpLO8rp7CvlhBDnjsC3CttJXIhBi+5Aj5r+MBvy4egg7wCbe//hSsT+RvDAG7s81tAvpL2XAE4w==",
      "cpu": [
        "ppc64"
      ],
      "dev": true,
      "license": "MIT",
      "optional": true,
      "os": [
        "linux"
      ],
      "engines": {
        "node": ">=12"
      }
    },
    "node_modules/@esbuild/linux-riscv64": {
      "version": "0.21.5",
      "resolved": "https://registry.npmjs.org/@esbuild/linux-riscv64/-/linux-riscv64-0.21.5.tgz",
      "integrity": "sha512-2HdXDMd9GMgTGrPWnJzP2ALSokE/0O5HhTUvWIbD3YdjME8JwvSCnNGBnTThKGEB91OZhzrJ4qIIxk/SBmyDDA==",
      "cpu": [
        "riscv64"
      ],
      "dev": true,
      "license": "MIT",
      "optional": true,
      "os": [
        "linux"
      ],
      "engines": {
        "node": ">=12"
      }
    },
    "node_modules/@esbuild/linux-s390x": {
      "version": "0.21.5",
      "resolved": "https://registry.npmjs.org/@esbuild/linux-s390x/-/linux-s390x-0.21.5.tgz",
      "integrity": "sha512-zus5sxzqBJD3eXxwvjN1yQkRepANgxE9lgOW2qLnmr8ikMTphkjgXu1HR01K4FJg8h1kEEDAqDcZQtbrRnB41A==",
      "cpu": [
        "s390x"
      ],
      "dev": true,
      "license": "MIT",
      "optional": true,
      "os": [
        "linux"
      ],
      "engines": {
        "node": ">=12"
      }
    },
    "node_modules/@esbuild/linux-x64": {
      "version": "0.21.5",
      "resolved": "https://registry.npmjs.org/@esbuild/linux-x64/-/linux-x64-0.21.5.tgz",
      "integrity": "sha512-1rYdTpyv03iycF1+BhzrzQJCdOuAOtaqHTWJZCWvijKD2N5Xu0TtVC8/+1faWqcP9iBCWOmjmhoH94dH82BxPQ==",
      "cpu": [
        "x64"
      ],
      "dev": true,
      "license": "MIT",
      "optional": true,
      "os": [
        "linux"
      ],
      "engines": {
        "node": ">=12"
      }
    },
    "node_modules/@esbuild/netbsd-x64": {
      "version": "0.21.5",
      "resolved": "https://registry.npmjs.org/@esbuild/netbsd-x64/-/netbsd-x64-0.21.5.tgz",
      "integrity": "sha512-Woi2MXzXjMULccIwMnLciyZH4nCIMpWQAs049KEeMvOcNADVxo0UBIQPfSmxB3CWKedngg7sWZdLvLczpe0tLg==",
      "cpu": [
        "x64"
      ],
      "dev": true,
      "license": "MIT",
      "optional": true,
      "os": [
        "netbsd"
      ],
      "engines": {
        "node": ">=12"
      }
    },
    "node_modules/@esbuild/openbsd-x64": {
      "version": "0.21.5",
      "resolved": "https://registry.npmjs.org/@esbuild/openbsd-x64/-/openbsd-x64-0.21.5.tgz",
      "integrity": "sha512-HLNNw99xsvx12lFBUwoT8EVCsSvRNDVxNpjZ7bPn947b8gJPzeHWyNVhFsaerc0n3TsbOINvRP2byTZ5LKezow==",
      "cpu": [
        "x64"
      ],
      "dev": true,
      "license": "MIT",
      "optional": true,
      "os": [
        "openbsd"
      ],
      "engines": {
        "node": ">=12"
      }
    },
    "node_modules/@esbuild/sunos-x64": {
      "version": "0.21.5",
      "resolved": "https://registry.npmjs.org/@esbuild/sunos-x64/-/sunos-x64-0.21.5.tgz",
      "integrity": "sha512-6+gjmFpfy0BHU5Tpptkuh8+uw3mnrvgs+dSPQXQOv3ekbordwnzTVEb4qnIvQcYXq6gzkyTnoZ9dZG+D4garKg==",
      "cpu": [
        "x64"
      ],
      "dev": true,
      "license": "MIT",
      "optional": true,
      "os": [
        "sunos"
      ],
      "engines": {
        "node": ">=12"
      }
    },
    "node_modules/@esbuild/win32-arm64": {
      "version": "0.21.5",
      "resolved": "https://registry.npmjs.org/@esbuild/win32-arm64/-/win32-arm64-0.21.5.tgz",
      "integrity": "sha512-Z0gOTd75VvXqyq7nsl93zwahcTROgqvuAcYDUr+vOv8uHhNSKROyU961kgtCD1e95IqPKSQKH7tBTslnS3tA8A==",
      "cpu": [
        "arm64"
      ],
      "dev": true,
      "license": "MIT",
      "optional": true,
      "os": [
        "win32"
      ],
      "engines": {
        "node": ">=12"
      }
    },
    "node_modules/@esbuild/win32-ia32": {
      "version": "0.21.5",
      "resolved": "https://registry.npmjs.org/@esbuild/win32-ia32/-/win32-ia32-0.21.5.tgz",
      "integrity": "sha512-SWXFF1CL2RVNMaVs+BBClwtfZSvDgtL//G/smwAc5oVK/UPu2Gu9tIaRgFmYFFKrmg3SyAjSrElf0TiJ1v8fYA==",
      "cpu": [
        "ia32"
      ],
      "dev": true,
      "license": "MIT",
      "optional": true,
      "os": [
        "win32"
      ],
      "engines": {
        "node": ">=12"
      }
    },
    "node_modules/@esbuild/win32-x64": {
      "version": "0.21.5",
      "resolved": "https://registry.npmjs.org/@esbuild/win32-x64/-/win32-x64-0.21.5.tgz",
      "integrity": "sha512-tQd/1efJuzPC6rCFwEvLtci/xNFcTZknmXs98FYDfGE4wP9ClFV98nyKrzJKVPMhdDnjzLhdUyMX4PsQAPjwIw==",
      "cpu": [
        "x64"
      ],
      "dev": true,
      "license": "MIT",
      "optional": true,
      "os": [
        "win32"
      ],
      "engines": {
        "node": ">=12"
      }
    },
    "node_modules/@types/vscode": {
      "version": "1.96.0",
      "resolved": "https://registry.npmjs.org/@types/vscode/-/vscode-1.96.0.tgz",
      "integrity": "sha512-qvZbSZo+K4ZYmmDuaodMbAa67Pl6VDQzLKFka6rq+3WUTY4Kro7Bwoi0CuZLO/wema0ygcmpwow7zZfPJTs5jg==",
      "dev": true,
      "license": "MIT"
    },
    "node_modules/@vscode/iconv-lite-umd": {
      "version": "0.7.0",
      "resolved": "https://registry.npmjs.org/@vscode/iconv-lite-umd/-/iconv-lite-umd-0.7.0.tgz",
      "integrity": "sha512-bRRFxLfg5dtAyl5XyiVWz/ZBPahpOpPrNYnnHpOpUZvam4tKH35wdhP4Kj6PbM0+KdliOsPzbGWpkxcdpNB/sg==",
      "license": "MIT"
    },
    "node_modules/esbuild": {
      "version": "0.21.5",
      "resolved": "https://registry.npmjs.org/esbuild/-/esbuild-0.21.5.tgz",
      "integrity": "sha512-mg3OPMV4hXywwpoDxu3Qda5xCKQi+vCTZq8S9J/EpkhB2HzKXq4SNFZE3+NK93JYxc8VMSep+lOUSC/RVKaBqw==",
      "dev": true,
      "hasInstallScript": true,
      "license": "MIT",
      "bin": {
        "esbuild": "bin/esbuild"
      },
      "engines": {
        "node": ">=12"
      },
      "optionalDependencies": {
        "@esbuild/aix-ppc64": "0.21.5",
        "@esbuild/android-arm": "0.21.5",
        "@esbuild/android-arm64": "0.21.5",
        "@esbuild/android-x64": "0.21.5",
        "@esbuild/darwin-arm64": "0.21.5",
        "@esbuild/darwin-x64": "0.21.5",
        "@esbuild/freebsd-arm64": "0.21.5",
        "@esbuild/freebsd-x64": "0.21.5",
        "@esbuild/linux-arm": "0.21.5",
        "@esbuild/linux-arm64": "0.21.5",
        "@esbuild/linux-ia32": "0.21.5",
        "@esbuild/linux-loong64": "0.21.5",
        "@esbuild/linux-mips64el": "0.21.5",
        "@esbuild/linux-ppc64": "0.21.5",
        "@esbuild/linux-riscv64": "0.21.5",
        "@esbuild/linux-s390x": "0.21.5",
        "@esbuild/linux-x64": "0.21.5",
        "@esbuild/netbsd-x64": "0.21.5",
        "@esbuild/openbsd-x64": "0.21.5",
        "@esbuild/sunos-x64": "0.21.5",
        "@esbuild/win32-arm64": "0.21.5",
        "@esbuild/win32-ia32": "0.21.5",
        "@esbuild/win32-x64": "0.21.5"
      }
    },
    "node_modules/jschardet": {
      "version": "3.1.4",
      "resolved": "https://registry.npmjs.org/jschardet/-/jschardet-3.1.4.tgz",
      "integrity": "sha512-/kmVISmrwVwtyYU40iQUOp3SUPk2dhNCMsZBQX0R1/jZ8maaXJ/oZIzUOiyOqcgtLnETFKYChbJ5iDC/eWmFHg==",
      "license": "LGPL-2.1+",
      "engines": {
        "node": ">=0.1.90"
      }
    },
    "node_modules/marked": {
      "version": "14.0.0",
      "resolved": "https://registry.npmjs.org/marked/-/marked-14.0.0.tgz",
      "integrity": "sha512-uIj4+faQ+MgHgwUW1l2PsPglZLOLOT1uErt06dAPtx2kjteLAkbsd/0FiYg/MGS+i7ZKLb7w2WClxHkzOOuryQ==",
      "license": "MIT",
      "bin": {
        "marked": "bin/marked.js"
      },
      "engines": {
        "node": ">= 18"
      }
    },
    "node_modules/monaco-editor": {
      "name": "@codingame/monaco-vscode-editor-api",
      "version": "11.1.2",
      "resolved": "https://registry.npmjs.org/@codingame/monaco-vscode-editor-api/-/monaco-vscode-editor-api-11.1.2.tgz",
      "integrity": "sha512-RYnk0VpL0uSvrFD9k1Oka+K4dP3rhptBzIFVKwjlvCxL0n/mdbECbrcTLKn7wpR11wfMMWvFDHqlNH7ri3rsXg==",
      "license": "MIT",
      "dependencies": {
        "vscode": "npm:@codingame/monaco-vscode-api@11.1.2"
      }
    },
    "node_modules/typescript": {
      "version": "5.5.4",
      "resolved": "https://registry.npmjs.org/typescript/-/typescript-5.5.4.tgz",
      "integrity": "sha512-Mtq29sKDAEYP7aljRgtPOpTvOfbwRWlS6dPRzwjdE+C0R4brX/GUyhHSecbHMFLNBLcJIPt9nl9yG5TZ1weH+Q==",
      "dev": true,
      "license": "Apache-2.0",
      "bin": {
        "tsc": "bin/tsc",
        "tsserver": "bin/tsserver"
      },
      "engines": {
        "node": ">=14.17"
      }
    },
    "node_modules/vscode": {
      "name": "@codingame/monaco-vscode-api",
      "version": "11.1.2",
      "resolved": "https://registry.npmjs.org/@codingame/monaco-vscode-api/-/monaco-vscode-api-11.1.2.tgz",
      "integrity": "sha512-8UHz2uH103P+8eXDRAWo1e1PRfMN5F5dR4s/Mb9fX18Qzr8+/GkpWJHhT1t1cd5xY8XwIiH7YyMz6pL0aDOikw==",
      "license": "MIT",
      "dependencies": {
        "@codingame/monaco-vscode-base-service-override": "11.1.2",
        "@codingame/monaco-vscode-environment-service-override": "11.1.2",
        "@codingame/monaco-vscode-extensions-service-override": "11.1.2",
        "@codingame/monaco-vscode-files-service-override": "11.1.2",
        "@codingame/monaco-vscode-host-service-override": "11.1.2",
        "@codingame/monaco-vscode-layout-service-override": "11.1.2",
        "@codingame/monaco-vscode-quickaccess-service-override": "11.1.2",
        "@vscode/iconv-lite-umd": "0.7.0",
        "jschardet": "3.1.4",
        "marked": "~14.0.0"
      }
    }
  }
}
